// !$*UTF8*$!
{
	archiveVersion = 1;
	classes = {
	};
	objectVersion = 56;
	objects = {

/* Begin PBXBuildFile section */
		0047589C2AC607B7002C2C0F /* TileSet.sks in Resources */ = {isa = PBXBuildFile; fileRef = 0047589B2AC607B7002C2C0F /* TileSet.sks */; };
		0047589E2AC609CD002C2C0F /* GameScene.sks in Resources */ = {isa = PBXBuildFile; fileRef = 0047589D2AC609CD002C2C0F /* GameScene.sks */; };
		008D63572AC71C5600F03EAB /* PhysicsBody+BitMask.swift in Sources */ = {isa = PBXBuildFile; fileRef = 008D63562AC71C5600F03EAB /* PhysicsBody+BitMask.swift */; };
		00F89F1F2ACF33020046D348 /* PlayerEntity.swift in Sources */ = {isa = PBXBuildFile; fileRef = 00F89F1E2ACF33020046D348 /* PlayerEntity.swift */; };
		00F89F222ACF34440046D348 /* PositionComponent.swift in Sources */ = {isa = PBXBuildFile; fileRef = 00F89F212ACF34440046D348 /* PositionComponent.swift */; };
		00F89F242ACF36220046D348 /* VelocityComponent.swift in Sources */ = {isa = PBXBuildFile; fileRef = 00F89F232ACF36220046D348 /* VelocityComponent.swift */; };
		00F89F272ACF367A0046D348 /* MovementSystem.swift in Sources */ = {isa = PBXBuildFile; fileRef = 00F89F262ACF367A0046D348 /* MovementSystem.swift */; };
		00F89F292ACF41C30046D348 /* MovementComponent.swift in Sources */ = {isa = PBXBuildFile; fileRef = 00F89F282ACF41C30046D348 /* MovementComponent.swift */; };
		287D35FA2AC5ECD600A0861C /* AppDelegate.swift in Sources */ = {isa = PBXBuildFile; fileRef = 287D35F92AC5ECD600A0861C /* AppDelegate.swift */; };
		287D36002AC5ECD600A0861C /* GameScene.swift in Sources */ = {isa = PBXBuildFile; fileRef = 287D35FF2AC5ECD600A0861C /* GameScene.swift */; };
		287D36022AC5ECD600A0861C /* GameViewController.swift in Sources */ = {isa = PBXBuildFile; fileRef = 287D36012AC5ECD600A0861C /* GameViewController.swift */; };
		287D36052AC5ECD600A0861C /* Main.storyboard in Resources */ = {isa = PBXBuildFile; fileRef = 287D36032AC5ECD600A0861C /* Main.storyboard */; };
		287D36072AC5ECD700A0861C /* Assets.xcassets in Resources */ = {isa = PBXBuildFile; fileRef = 287D36062AC5ECD700A0861C /* Assets.xcassets */; };
		287D360A2AC5ECD700A0861C /* LaunchScreen.storyboard in Resources */ = {isa = PBXBuildFile; fileRef = 287D36082AC5ECD700A0861C /* LaunchScreen.storyboard */; };
		288DA0362AC750AD0098EA6E /* GameScene+Tools.swift in Sources */ = {isa = PBXBuildFile; fileRef = 288DA0352AC750AD0098EA6E /* GameScene+Tools.swift */; };
		288DA03A2AC751640098EA6E /* PlayerNode.swift in Sources */ = {isa = PBXBuildFile; fileRef = 288DA0392AC751640098EA6E /* PlayerNode.swift */; };
		288DA03C2AC767910098EA6E /* JoystickNode.swift in Sources */ = {isa = PBXBuildFile; fileRef = 288DA03B2AC767910098EA6E /* JoystickNode.swift */; };
/* End PBXBuildFile section */

/* Begin PBXFileReference section */
		0047589B2AC607B7002C2C0F /* TileSet.sks */ = {isa = PBXFileReference; lastKnownFileType = file.sks; path = TileSet.sks; sourceTree = "<group>"; };
		0047589D2AC609CD002C2C0F /* GameScene.sks */ = {isa = PBXFileReference; lastKnownFileType = file.sks; name = GameScene.sks; path = ../GameScene.sks; sourceTree = "<group>"; };
		008D63562AC71C5600F03EAB /* PhysicsBody+BitMask.swift */ = {isa = PBXFileReference; lastKnownFileType = sourcecode.swift; path = "PhysicsBody+BitMask.swift"; sourceTree = "<group>"; };
		00F89F1E2ACF33020046D348 /* PlayerEntity.swift */ = {isa = PBXFileReference; lastKnownFileType = sourcecode.swift; path = PlayerEntity.swift; sourceTree = "<group>"; };
		00F89F212ACF34440046D348 /* PositionComponent.swift */ = {isa = PBXFileReference; lastKnownFileType = sourcecode.swift; path = PositionComponent.swift; sourceTree = "<group>"; };
		00F89F232ACF36220046D348 /* VelocityComponent.swift */ = {isa = PBXFileReference; lastKnownFileType = sourcecode.swift; path = VelocityComponent.swift; sourceTree = "<group>"; };
		00F89F262ACF367A0046D348 /* MovementSystem.swift */ = {isa = PBXFileReference; lastKnownFileType = sourcecode.swift; path = MovementSystem.swift; sourceTree = "<group>"; };
		00F89F282ACF41C30046D348 /* MovementComponent.swift */ = {isa = PBXFileReference; lastKnownFileType = sourcecode.swift; path = MovementComponent.swift; sourceTree = "<group>"; };
		287D35F62AC5ECD600A0861C /* Lab.app */ = {isa = PBXFileReference; explicitFileType = wrapper.application; includeInIndex = 0; path = Lab.app; sourceTree = BUILT_PRODUCTS_DIR; };
		287D35F92AC5ECD600A0861C /* AppDelegate.swift */ = {isa = PBXFileReference; lastKnownFileType = sourcecode.swift; path = AppDelegate.swift; sourceTree = "<group>"; };
		287D35FF2AC5ECD600A0861C /* GameScene.swift */ = {isa = PBXFileReference; lastKnownFileType = sourcecode.swift; path = GameScene.swift; sourceTree = "<group>"; };
		287D36012AC5ECD600A0861C /* GameViewController.swift */ = {isa = PBXFileReference; lastKnownFileType = sourcecode.swift; path = GameViewController.swift; sourceTree = "<group>"; };
		287D36042AC5ECD600A0861C /* Base */ = {isa = PBXFileReference; lastKnownFileType = file.storyboard; name = Base; path = Base.lproj/Main.storyboard; sourceTree = "<group>"; };
		287D36062AC5ECD700A0861C /* Assets.xcassets */ = {isa = PBXFileReference; lastKnownFileType = folder.assetcatalog; path = Assets.xcassets; sourceTree = "<group>"; };
		287D36092AC5ECD700A0861C /* Base */ = {isa = PBXFileReference; lastKnownFileType = file.storyboard; name = Base; path = Base.lproj/LaunchScreen.storyboard; sourceTree = "<group>"; };
		288DA0352AC750AD0098EA6E /* GameScene+Tools.swift */ = {isa = PBXFileReference; lastKnownFileType = sourcecode.swift; path = "GameScene+Tools.swift"; sourceTree = "<group>"; };
		288DA0392AC751640098EA6E /* PlayerNode.swift */ = {isa = PBXFileReference; lastKnownFileType = sourcecode.swift; path = PlayerNode.swift; sourceTree = "<group>"; };
		288DA03B2AC767910098EA6E /* JoystickNode.swift */ = {isa = PBXFileReference; lastKnownFileType = sourcecode.swift; path = JoystickNode.swift; sourceTree = "<group>"; };
/* End PBXFileReference section */

/* Begin PBXFrameworksBuildPhase section */
		287D35F32AC5ECD600A0861C /* Frameworks */ = {
			isa = PBXFrameworksBuildPhase;
			buildActionMask = 2147483647;
			files = (
			);
			runOnlyForDeploymentPostprocessing = 0;
		};
/* End PBXFrameworksBuildPhase section */

/* Begin PBXGroup section */
		00F89F1D2ACF32EF0046D348 /* Entity */ = {
			isa = PBXGroup;
			children = (
				00F89F1E2ACF33020046D348 /* PlayerEntity.swift */,
			);
			path = Entity;
			sourceTree = "<group>";
		};
		00F89F202ACF34270046D348 /* Component */ = {
			isa = PBXGroup;
			children = (
				00F89F212ACF34440046D348 /* PositionComponent.swift */,
				00F89F232ACF36220046D348 /* VelocityComponent.swift */,
				00F89F282ACF41C30046D348 /* MovementComponent.swift */,
			);
			path = Component;
			sourceTree = "<group>";
		};
		00F89F252ACF36640046D348 /* System */ = {
			isa = PBXGroup;
			children = (
				00F89F262ACF367A0046D348 /* MovementSystem.swift */,
			);
			path = System;
			sourceTree = "<group>";
		};
		287D35ED2AC5ECD600A0861C = {
			isa = PBXGroup;
			children = (
				287D35F82AC5ECD600A0861C /* Lab */,
				287D35F72AC5ECD600A0861C /* Products */,
			);
			sourceTree = "<group>";
		};
		287D35F72AC5ECD600A0861C /* Products */ = {
			isa = PBXGroup;
			children = (
				287D35F62AC5ECD600A0861C /* Lab.app */,
			);
			name = Products;
			sourceTree = "<group>";
		};
		287D35F82AC5ECD600A0861C /* Lab */ = {
			isa = PBXGroup;
			children = (
				00F89F1D2ACF32EF0046D348 /* Entity */,
				00F89F202ACF34270046D348 /* Component */,
				00F89F252ACF36640046D348 /* System */,
				288DA0382AC751430098EA6E /* Nodes */,
				0047589D2AC609CD002C2C0F /* GameScene.sks */,
				287D35F92AC5ECD600A0861C /* AppDelegate.swift */,
				287D35FF2AC5ECD600A0861C /* GameScene.swift */,
				287D36012AC5ECD600A0861C /* GameViewController.swift */,
				287D36032AC5ECD600A0861C /* Main.storyboard */,
				287D36062AC5ECD700A0861C /* Assets.xcassets */,
				287D36082AC5ECD700A0861C /* LaunchScreen.storyboard */,
				0047589B2AC607B7002C2C0F /* TileSet.sks */,
				008D63562AC71C5600F03EAB /* PhysicsBody+BitMask.swift */,
				288DA0352AC750AD0098EA6E /* GameScene+Tools.swift */,
			);
			path = Lab;
			sourceTree = "<group>";
		};
		288DA0382AC751430098EA6E /* Nodes */ = {
			isa = PBXGroup;
			children = (
				288DA0392AC751640098EA6E /* PlayerNode.swift */,
				288DA03B2AC767910098EA6E /* JoystickNode.swift */,
			);
			path = Nodes;
			sourceTree = "<group>";
		};
/* End PBXGroup section */

/* Begin PBXNativeTarget section */
		287D35F52AC5ECD600A0861C /* Lab */ = {
			isa = PBXNativeTarget;
			buildConfigurationList = 287D360D2AC5ECD700A0861C /* Build configuration list for PBXNativeTarget "Lab" */;
			buildPhases = (
				287D35F22AC5ECD600A0861C /* Sources */,
				287D35F32AC5ECD600A0861C /* Frameworks */,
				287D35F42AC5ECD600A0861C /* Resources */,
			);
			buildRules = (
			);
			dependencies = (
			);
			name = Lab;
			productName = Lab;
			productReference = 287D35F62AC5ECD600A0861C /* Lab.app */;
			productType = "com.apple.product-type.application";
		};
/* End PBXNativeTarget section */

/* Begin PBXProject section */
		287D35EE2AC5ECD600A0861C /* Project object */ = {
			isa = PBXProject;
			attributes = {
				BuildIndependentTargetsInParallel = 1;
				LastSwiftUpdateCheck = 1500;
				LastUpgradeCheck = 1500;
				TargetAttributes = {
					287D35F52AC5ECD600A0861C = {
						CreatedOnToolsVersion = 15.0;
					};
				};
			};
			buildConfigurationList = 287D35F12AC5ECD600A0861C /* Build configuration list for PBXProject "Lab" */;
			compatibilityVersion = "Xcode 14.0";
			developmentRegion = en;
			hasScannedForEncodings = 0;
			knownRegions = (
				en,
				Base,
			);
			mainGroup = 287D35ED2AC5ECD600A0861C;
			productRefGroup = 287D35F72AC5ECD600A0861C /* Products */;
			projectDirPath = "";
			projectRoot = "";
			targets = (
				287D35F52AC5ECD600A0861C /* Lab */,
			);
		};
/* End PBXProject section */

/* Begin PBXResourcesBuildPhase section */
		287D35F42AC5ECD600A0861C /* Resources */ = {
			isa = PBXResourcesBuildPhase;
			buildActionMask = 2147483647;
			files = (
				287D36052AC5ECD600A0861C /* Main.storyboard in Resources */,
				0047589E2AC609CD002C2C0F /* GameScene.sks in Resources */,
				287D36072AC5ECD700A0861C /* Assets.xcassets in Resources */,
				287D360A2AC5ECD700A0861C /* LaunchScreen.storyboard in Resources */,
				0047589C2AC607B7002C2C0F /* TileSet.sks in Resources */,
			);
			runOnlyForDeploymentPostprocessing = 0;
		};
/* End PBXResourcesBuildPhase section */

/* Begin PBXSourcesBuildPhase section */
		287D35F22AC5ECD600A0861C /* Sources */ = {
			isa = PBXSourcesBuildPhase;
			buildActionMask = 2147483647;
			files = (
				287D36002AC5ECD600A0861C /* GameScene.swift in Sources */,
				287D36022AC5ECD600A0861C /* GameViewController.swift in Sources */,
				288DA03A2AC751640098EA6E /* PlayerNode.swift in Sources */,
				288DA0362AC750AD0098EA6E /* GameScene+Tools.swift in Sources */,
				00F89F292ACF41C30046D348 /* MovementComponent.swift in Sources */,
				00F89F272ACF367A0046D348 /* MovementSystem.swift in Sources */,
				00F89F242ACF36220046D348 /* VelocityComponent.swift in Sources */,
				287D35FA2AC5ECD600A0861C /* AppDelegate.swift in Sources */,
				00F89F222ACF34440046D348 /* PositionComponent.swift in Sources */,
				008D63572AC71C5600F03EAB /* PhysicsBody+BitMask.swift in Sources */,
				288DA03C2AC767910098EA6E /* JoystickNode.swift in Sources */,
				00F89F1F2ACF33020046D348 /* PlayerEntity.swift in Sources */,
			);
			runOnlyForDeploymentPostprocessing = 0;
		};
/* End PBXSourcesBuildPhase section */

/* Begin PBXVariantGroup section */
		287D36032AC5ECD600A0861C /* Main.storyboard */ = {
			isa = PBXVariantGroup;
			children = (
				287D36042AC5ECD600A0861C /* Base */,
			);
			name = Main.storyboard;
			sourceTree = "<group>";
		};
		287D36082AC5ECD700A0861C /* LaunchScreen.storyboard */ = {
			isa = PBXVariantGroup;
			children = (
				287D36092AC5ECD700A0861C /* Base */,
			);
			name = LaunchScreen.storyboard;
			sourceTree = "<group>";
		};
/* End PBXVariantGroup section */

/* Begin XCBuildConfiguration section */
		287D360B2AC5ECD700A0861C /* Debug */ = {
			isa = XCBuildConfiguration;
			buildSettings = {
				ALWAYS_SEARCH_USER_PATHS = NO;
				ASSETCATALOG_COMPILER_GENERATE_SWIFT_ASSET_SYMBOL_EXTENSIONS = YES;
				CLANG_ANALYZER_NONNULL = YES;
				CLANG_ANALYZER_NUMBER_OBJECT_CONVERSION = YES_AGGRESSIVE;
				CLANG_CXX_LANGUAGE_STANDARD = "gnu++20";
				CLANG_ENABLE_MODULES = YES;
				CLANG_ENABLE_OBJC_ARC = YES;
				CLANG_ENABLE_OBJC_WEAK = YES;
				CLANG_WARN_BLOCK_CAPTURE_AUTORELEASING = YES;
				CLANG_WARN_BOOL_CONVERSION = YES;
				CLANG_WARN_COMMA = YES;
				CLANG_WARN_CONSTANT_CONVERSION = YES;
				CLANG_WARN_DEPRECATED_OBJC_IMPLEMENTATIONS = YES;
				CLANG_WARN_DIRECT_OBJC_ISA_USAGE = YES_ERROR;
				CLANG_WARN_DOCUMENTATION_COMMENTS = YES;
				CLANG_WARN_EMPTY_BODY = YES;
				CLANG_WARN_ENUM_CONVERSION = YES;
				CLANG_WARN_INFINITE_RECURSION = YES;
				CLANG_WARN_INT_CONVERSION = YES;
				CLANG_WARN_NON_LITERAL_NULL_CONVERSION = YES;
				CLANG_WARN_OBJC_IMPLICIT_RETAIN_SELF = YES;
				CLANG_WARN_OBJC_LITERAL_CONVERSION = YES;
				CLANG_WARN_OBJC_ROOT_CLASS = YES_ERROR;
				CLANG_WARN_QUOTED_INCLUDE_IN_FRAMEWORK_HEADER = YES;
				CLANG_WARN_RANGE_LOOP_ANALYSIS = YES;
				CLANG_WARN_STRICT_PROTOTYPES = YES;
				CLANG_WARN_SUSPICIOUS_MOVE = YES;
				CLANG_WARN_UNGUARDED_AVAILABILITY = YES_AGGRESSIVE;
				CLANG_WARN_UNREACHABLE_CODE = YES;
				CLANG_WARN__DUPLICATE_METHOD_MATCH = YES;
				COPY_PHASE_STRIP = NO;
				DEBUG_INFORMATION_FORMAT = dwarf;
				ENABLE_STRICT_OBJC_MSGSEND = YES;
				ENABLE_TESTABILITY = YES;
				ENABLE_USER_SCRIPT_SANDBOXING = YES;
				GCC_C_LANGUAGE_STANDARD = gnu17;
				GCC_DYNAMIC_NO_PIC = NO;
				GCC_NO_COMMON_BLOCKS = YES;
				GCC_OPTIMIZATION_LEVEL = 0;
				GCC_PREPROCESSOR_DEFINITIONS = (
					"DEBUG=1",
					"$(inherited)",
				);
				GCC_WARN_64_TO_32_BIT_CONVERSION = YES;
				GCC_WARN_ABOUT_RETURN_TYPE = YES_ERROR;
				GCC_WARN_UNDECLARED_SELECTOR = YES;
				GCC_WARN_UNINITIALIZED_AUTOS = YES_AGGRESSIVE;
				GCC_WARN_UNUSED_FUNCTION = YES;
				GCC_WARN_UNUSED_VARIABLE = YES;
				IPHONEOS_DEPLOYMENT_TARGET = 17.0;
				LOCALIZATION_PREFERS_STRING_CATALOGS = YES;
				MTL_ENABLE_DEBUG_INFO = INCLUDE_SOURCE;
				MTL_FAST_MATH = YES;
				ONLY_ACTIVE_ARCH = YES;
				SDKROOT = iphoneos;
				SWIFT_ACTIVE_COMPILATION_CONDITIONS = "DEBUG $(inherited)";
				SWIFT_OPTIMIZATION_LEVEL = "-Onone";
			};
			name = Debug;
		};
		287D360C2AC5ECD700A0861C /* Release */ = {
			isa = XCBuildConfiguration;
			buildSettings = {
				ALWAYS_SEARCH_USER_PATHS = NO;
				ASSETCATALOG_COMPILER_GENERATE_SWIFT_ASSET_SYMBOL_EXTENSIONS = YES;
				CLANG_ANALYZER_NONNULL = YES;
				CLANG_ANALYZER_NUMBER_OBJECT_CONVERSION = YES_AGGRESSIVE;
				CLANG_CXX_LANGUAGE_STANDARD = "gnu++20";
				CLANG_ENABLE_MODULES = YES;
				CLANG_ENABLE_OBJC_ARC = YES;
				CLANG_ENABLE_OBJC_WEAK = YES;
				CLANG_WARN_BLOCK_CAPTURE_AUTORELEASING = YES;
				CLANG_WARN_BOOL_CONVERSION = YES;
				CLANG_WARN_COMMA = YES;
				CLANG_WARN_CONSTANT_CONVERSION = YES;
				CLANG_WARN_DEPRECATED_OBJC_IMPLEMENTATIONS = YES;
				CLANG_WARN_DIRECT_OBJC_ISA_USAGE = YES_ERROR;
				CLANG_WARN_DOCUMENTATION_COMMENTS = YES;
				CLANG_WARN_EMPTY_BODY = YES;
				CLANG_WARN_ENUM_CONVERSION = YES;
				CLANG_WARN_INFINITE_RECURSION = YES;
				CLANG_WARN_INT_CONVERSION = YES;
				CLANG_WARN_NON_LITERAL_NULL_CONVERSION = YES;
				CLANG_WARN_OBJC_IMPLICIT_RETAIN_SELF = YES;
				CLANG_WARN_OBJC_LITERAL_CONVERSION = YES;
				CLANG_WARN_OBJC_ROOT_CLASS = YES_ERROR;
				CLANG_WARN_QUOTED_INCLUDE_IN_FRAMEWORK_HEADER = YES;
				CLANG_WARN_RANGE_LOOP_ANALYSIS = YES;
				CLANG_WARN_STRICT_PROTOTYPES = YES;
				CLANG_WARN_SUSPICIOUS_MOVE = YES;
				CLANG_WARN_UNGUARDED_AVAILABILITY = YES_AGGRESSIVE;
				CLANG_WARN_UNREACHABLE_CODE = YES;
				CLANG_WARN__DUPLICATE_METHOD_MATCH = YES;
				COPY_PHASE_STRIP = NO;
				DEBUG_INFORMATION_FORMAT = "dwarf-with-dsym";
				ENABLE_NS_ASSERTIONS = NO;
				ENABLE_STRICT_OBJC_MSGSEND = YES;
				ENABLE_USER_SCRIPT_SANDBOXING = YES;
				GCC_C_LANGUAGE_STANDARD = gnu17;
				GCC_NO_COMMON_BLOCKS = YES;
				GCC_WARN_64_TO_32_BIT_CONVERSION = YES;
				GCC_WARN_ABOUT_RETURN_TYPE = YES_ERROR;
				GCC_WARN_UNDECLARED_SELECTOR = YES;
				GCC_WARN_UNINITIALIZED_AUTOS = YES_AGGRESSIVE;
				GCC_WARN_UNUSED_FUNCTION = YES;
				GCC_WARN_UNUSED_VARIABLE = YES;
				IPHONEOS_DEPLOYMENT_TARGET = 17.0;
				LOCALIZATION_PREFERS_STRING_CATALOGS = YES;
				MTL_ENABLE_DEBUG_INFO = NO;
				MTL_FAST_MATH = YES;
				SDKROOT = iphoneos;
				SWIFT_COMPILATION_MODE = wholemodule;
				VALIDATE_PRODUCT = YES;
			};
			name = Release;
		};
		287D360E2AC5ECD700A0861C /* Debug */ = {
			isa = XCBuildConfiguration;
			buildSettings = {
				ASSETCATALOG_COMPILER_APPICON_NAME = AppIcon;
				ASSETCATALOG_COMPILER_GLOBAL_ACCENT_COLOR_NAME = AccentColor;
				CODE_SIGN_STYLE = Automatic;
				CURRENT_PROJECT_VERSION = 1;
				DEVELOPMENT_TEAM = QSR9GSRXJ3;
				GENERATE_INFOPLIST_FILE = YES;
				INFOPLIST_KEY_UIApplicationSupportsIndirectInputEvents = YES;
				INFOPLIST_KEY_UILaunchStoryboardName = LaunchScreen;
				INFOPLIST_KEY_UIMainStoryboardFile = Main;
				INFOPLIST_KEY_UIStatusBarHidden = YES;
				INFOPLIST_KEY_UISupportedInterfaceOrientations_iPad = "UIInterfaceOrientationPortrait UIInterfaceOrientationPortraitUpsideDown UIInterfaceOrientationLandscapeLeft UIInterfaceOrientationLandscapeRight";
				INFOPLIST_KEY_UISupportedInterfaceOrientations_iPhone = "UIInterfaceOrientationPortrait UIInterfaceOrientationLandscapeLeft UIInterfaceOrientationLandscapeRight";
				LD_RUNPATH_SEARCH_PATHS = (
					"$(inherited)",
					"@executable_path/Frameworks",
				);
				MARKETING_VERSION = 1.0;
				PRODUCT_BUNDLE_IDENTIFIER = GG.Lab;
				PRODUCT_NAME = "$(TARGET_NAME)";
				SWIFT_EMIT_LOC_STRINGS = YES;
				SWIFT_VERSION = 5.0;
				TARGETED_DEVICE_FAMILY = "1,2";
			};
			name = Debug;
		};
		287D360F2AC5ECD700A0861C /* Release */ = {
			isa = XCBuildConfiguration;
			buildSettings = {
				ASSETCATALOG_COMPILER_APPICON_NAME = AppIcon;
				ASSETCATALOG_COMPILER_GLOBAL_ACCENT_COLOR_NAME = AccentColor;
				CODE_SIGN_STYLE = Automatic;
				CURRENT_PROJECT_VERSION = 1;
				DEVELOPMENT_TEAM = QSR9GSRXJ3;
				GENERATE_INFOPLIST_FILE = YES;
				INFOPLIST_KEY_UIApplicationSupportsIndirectInputEvents = YES;
				INFOPLIST_KEY_UILaunchStoryboardName = LaunchScreen;
				INFOPLIST_KEY_UIMainStoryboardFile = Main;
				INFOPLIST_KEY_UIStatusBarHidden = YES;
				INFOPLIST_KEY_UISupportedInterfaceOrientations_iPad = "UIInterfaceOrientationPortrait UIInterfaceOrientationPortraitUpsideDown UIInterfaceOrientationLandscapeLeft UIInterfaceOrientationLandscapeRight";
				INFOPLIST_KEY_UISupportedInterfaceOrientations_iPhone = "UIInterfaceOrientationPortrait UIInterfaceOrientationLandscapeLeft UIInterfaceOrientationLandscapeRight";
				LD_RUNPATH_SEARCH_PATHS = (
					"$(inherited)",
					"@executable_path/Frameworks",
				);
				MARKETING_VERSION = 1.0;
				PRODUCT_BUNDLE_IDENTIFIER = GG.Lab;
				PRODUCT_NAME = "$(TARGET_NAME)";
				SWIFT_EMIT_LOC_STRINGS = YES;
				SWIFT_VERSION = 5.0;
				TARGETED_DEVICE_FAMILY = "1,2";
			};
			name = Release;
		};
/* End XCBuildConfiguration section */

/* Begin XCConfigurationList section */
		287D35F12AC5ECD600A0861C /* Build configuration list for PBXProject "Lab" */ = {
			isa = XCConfigurationList;
			buildConfigurations = (
				287D360B2AC5ECD700A0861C /* Debug */,
				287D360C2AC5ECD700A0861C /* Release */,
			);
			defaultConfigurationIsVisible = 0;
			defaultConfigurationName = Release;
		};
		287D360D2AC5ECD700A0861C /* Build configuration list for PBXNativeTarget "Lab" */ = {
			isa = XCConfigurationList;
			buildConfigurations = (
				287D360E2AC5ECD700A0861C /* Debug */,
				287D360F2AC5ECD700A0861C /* Release */,
			);
			defaultConfigurationIsVisible = 0;
			defaultConfigurationName = Release;
		};
/* End XCConfigurationList section */
	};
	rootObject = 287D35EE2AC5ECD600A0861C /* Project object */;
}
